<?xml version="1.0" encoding="UTF-8" standalone="yes" ?>
<CodeBlocks_project_file>
	<FileVersion major="1" minor="6" />
	<Project>
		<Option title="webapp" />
		<Option pch_mode="2" />
		<Option compiler="gcc" />
		<Build>
			<Target title="Debug">
				<Option output="bin/Debug/webapp" prefix_auto="1" extension_auto="1" />
				<Option working_dir="" />
				<Option object_output="obj/Debug/" />
				<Option type="2" />
				<Option compiler="gcc" />
				<Option createDefFile="1" />
				<Compiler>
					<Add option="-Wall" />
					<Add option="-g" />
					<Add option="-std=c99 -pedantic-errors" />
				</Compiler>
			</Target>
			<Target title="Release">
				<Option output="bin/Release/webapp" prefix_auto="1" extension_auto="1" />
				<Option working_dir="" />
				<Option object_output="obj/Release/" />
				<Option type="2" />
				<Option compiler="gcc" />
				<Option createDefFile="1" />
				<Compiler>
					<Add option="-Wall" />
					<Add option="-O2" />
				</Compiler>
				<Linker>
					<Add option="-s" />
				</Linker>
			</Target>
		</Build>
		<Unit filename="app.c">
			<Option compilerVar="CC" />
		</Unit>
		<Unit filename="app.h" />
		<Unit filename="http.h" />
		<Unit filename="map.h">
			<Option target="&lt;{~None~}&gt;" />
		</Unit>
		<Unit filename="request.c">
			<Option compilerVar="CC" />
		</Unit>
		<Unit filename="request.h" />
		<Unit filename="response.c">
			<Option compilerVar="CC" />
		</Unit>
		<Unit filename="response.h" />
		<Extensions>
			<code_completion />
			<envvars />
			<debugger />
			<lib_finder disable_auto="1" />
		</Extensions>
	</Project>
</CodeBlocks_project_file>
